
Microsoft Visual Studio Solution File, Format Version 12.00
# Visual Studio 15
VisualStudioVersion = 15.0.28307.168
MinimumVisualStudioVersion = 10.0.40219.1
Project("{FAE04EC0-301F-11D3-BF4B-00C04F79EFBC}") = "Borsa Takip Programı", "Borsa Takip Programı\Borsa Takip Programı.csproj", "{BC32D26A-9B8A-4971-8722-96775FBC7BED}"
EndProject
Global
	GlobalSection(SolutionConfigurationPlatforms) = preSolution
		Debug|Any CPU = Debug|Any CPU
		Release|Any CPU = Release|Any CPU
	EndGlobalSection
	GlobalSection(ProjectConfigurationPlatforms) = postSolution
		{BC32D26A-9B8A-4971-8722-96775FBC7BED}.Debug|Any CPU.ActiveCfg = Debug|Any CPU
		{BC32D26A-9B8A-4971-8722-96775FBC7BED}.Debug|Any CPU.Build.0 = Debug|Any CPU
		{BC32D26A-9B8A-4971-8722-96775FBC7BED}.Release|Any CPU.ActiveCfg = Release|Any CPU
		{BC32D26A-9B8A-4971-8722-96775FBC7BED}.Release|Any CPU.Build.0 = Release|Any CPU
	EndGlobalSection
	GlobalSection(SolutionProperties) = preSolution
		HideSolutionNode = FALSE
	EndGlobalSection
	GlobalSection(ExtensibilityGlobals) = postSolution
		SolutionGuid = {8BED808B-1A07-4441-B129-E7463D702197}
	EndGlobalSection
EndGlobal
